
Microsoft Visual Studio Solution File, Format Version 12.00
# Visual Studio Version 17
VisualStudioVersion = 17.7.34031.279
MinimumVisualStudioVersion = 10.0.40219.1
Project("{FAE04EC0-301F-11D3-BF4B-00C04F79EFBC}") = "dom8(2)", "dom8(2)\dom8(2).csproj", "{721C16CD-2DFB-4BC7-983E-612491BC8D99}"
EndProject
Global
	GlobalSection(SolutionConfigurationPlatforms) = preSolution
		Debug|Any CPU = Debug|Any CPU
		Release|Any CPU = Release|Any CPU
	EndGlobalSection
	GlobalSection(ProjectConfigurationPlatforms) = postSolution
		{721C16CD-2DFB-4BC7-983E-612491BC8D99}.Debug|Any CPU.ActiveCfg = Debug|Any CPU
		{721C16CD-2DFB-4BC7-983E-612491BC8D99}.Debug|Any CPU.Build.0 = Debug|Any CPU
		{721C16CD-2DFB-4BC7-983E-612491BC8D99}.Release|Any CPU.ActiveCfg = Release|Any CPU
		{721C16CD-2DFB-4BC7-983E-612491BC8D99}.Release|Any CPU.Build.0 = Release|Any CPU
	EndGlobalSection
	GlobalSection(SolutionProperties) = preSolution
		HideSolutionNode = FALSE
	EndGlobalSection
	GlobalSection(ExtensibilityGlobals) = postSolution
		SolutionGuid = {62F58197-ED8C-4C33-AA9B-8F6C8F63043B}
	EndGlobalSection
EndGlobal
